
Microsoft Visual Studio Solution File, Format Version 12.00
# Visual Studio 2012
Project("{F184B08F-C81C-45F6-A57F-5ABD9991F28F}") = "ADSReportGenerator8", "ADSReportGenerator\ADSReportGenerator8.vbproj", "{8D45323F-5450-4B2F-890F-93C4EC73267F}"
EndProject
Global
	GlobalSection(SolutionConfigurationPlatforms) = preSolution
		Debug|Any CPU = Debug|Any CPU
		Default|Any CPU = Default|Any CPU
		Release|Any CPU = Release|Any CPU
	EndGlobalSection
	GlobalSection(ProjectConfigurationPlatforms) = postSolution
		{8D45323F-5450-4B2F-890F-93C4EC73267F}.Debug|Any CPU.ActiveCfg = Debug|Any CPU
		{8D45323F-5450-4B2F-890F-93C4EC73267F}.Debug|Any CPU.Build.0 = Debug|Any CPU
		{8D45323F-5450-4B2F-890F-93C4EC73267F}.Default|Any CPU.ActiveCfg = Debug|Any CPU
		{8D45323F-5450-4B2F-890F-93C4EC73267F}.Default|Any CPU.Build.0 = Debug|Any CPU
		{8D45323F-5450-4B2F-890F-93C4EC73267F}.Release|Any CPU.ActiveCfg = Release|Any CPU
		{8D45323F-5450-4B2F-890F-93C4EC73267F}.Release|Any CPU.Build.0 = Release|Any CPU
	EndGlobalSection
	GlobalSection(SolutionProperties) = preSolution
		HideSolutionNode = FALSE
	EndGlobalSection
EndGlobal
